
Microsoft Visual Studio Solution File, Format Version 12.00
# Visual Studio 15
VisualStudioVersion = 15.0.28307.1062
MinimumVisualStudioVersion = 10.0.40219.1
Project("{FAE04EC0-301F-11D3-BF4B-00C04F79EFBC}") = "ArcTamogochi_", "ArcTamogochi_\ArcTamogochi_.csproj", "{9ED15C84-7330-4A0A-8F4B-0919D9EAD2CA}"
EndProject
Global
	GlobalSection(SolutionConfigurationPlatforms) = preSolution
		Debug|Any CPU = Debug|Any CPU
		Release|Any CPU = Release|Any CPU
	EndGlobalSection
	GlobalSection(ProjectConfigurationPlatforms) = postSolution
		{9ED15C84-7330-4A0A-8F4B-0919D9EAD2CA}.Debug|Any CPU.ActiveCfg = Debug|Any CPU
		{9ED15C84-7330-4A0A-8F4B-0919D9EAD2CA}.Debug|Any CPU.Build.0 = Debug|Any CPU
		{9ED15C84-7330-4A0A-8F4B-0919D9EAD2CA}.Release|Any CPU.ActiveCfg = Release|Any CPU
		{9ED15C84-7330-4A0A-8F4B-0919D9EAD2CA}.Release|Any CPU.Build.0 = Release|Any CPU
	EndGlobalSection
	GlobalSection(SolutionProperties) = preSolution
		HideSolutionNode = FALSE
	EndGlobalSection
	GlobalSection(ExtensibilityGlobals) = postSolution
		SolutionGuid = {EA001AB3-05F0-4EAF-8A4C-B93518F3DD40}
	EndGlobalSection
EndGlobal
